
Microsoft Visual Studio Solution File, Format Version 12.00
# Visual Studio Version 17
VisualStudioVersion = 17.14.36414.22
MinimumVisualStudioVersion = 10.0.40219.1
Project("{FAE04EC0-301F-11D3-BF4B-00C04F79EFBC}") = "BlogAPI.PL", "BlogSolution\BlogAPI.PL.csproj", "{8E215203-98FF-4C7D-8198-50D8C8FB0A7B}"
EndProject
Project("{FAE04EC0-301F-11D3-BF4B-00C04F79EFBC}") = "BlogAPI.CL", "BlogAPI.CL\BlogAPI.CL.csproj", "{4C6541DD-3258-4560-8AF6-D0E42DFAD6A6}"
EndProject
Project("{FAE04EC0-301F-11D3-BF4B-00C04F79EFBC}") = "BlogAPI.DAL", "BlogAPI.DAL\BlogAPI.DAL.csproj", "{F7DC130C-190E-47E6-B73A-3847FC4FC538}"
EndProject
Project("{FAE04EC0-301F-11D3-BF4B-00C04F79EFBC}") = "BlogAPI.SL", "BlogAPI.SL\BlogAPI.SL.csproj", "{CD3010C1-3A7D-4C17-B0B2-2E503255CD09}"
EndProject
Project("{FAE04EC0-301F-11D3-BF4B-00C04F79EFBC}") = "BlogAPI.SharedLayer", "BlogAPI.SharedLayer\BlogAPI.SharedLayer.csproj", "{C2DE41DC-B136-454C-933A-2E2708EF84B9}"
EndProject
Global
	GlobalSection(SolutionConfigurationPlatforms) = preSolution
		Debug|Any CPU = Debug|Any CPU
		Release|Any CPU = Release|Any CPU
	EndGlobalSection
	GlobalSection(ProjectConfigurationPlatforms) = postSolution
		{8E215203-98FF-4C7D-8198-50D8C8FB0A7B}.Debug|Any CPU.ActiveCfg = Debug|Any CPU
		{8E215203-98FF-4C7D-8198-50D8C8FB0A7B}.Debug|Any CPU.Build.0 = Debug|Any CPU
		{8E215203-98FF-4C7D-8198-50D8C8FB0A7B}.Release|Any CPU.ActiveCfg = Release|Any CPU
		{8E215203-98FF-4C7D-8198-50D8C8FB0A7B}.Release|Any CPU.Build.0 = Release|Any CPU
		{4C6541DD-3258-4560-8AF6-D0E42DFAD6A6}.Debug|Any CPU.ActiveCfg = Debug|Any CPU
		{4C6541DD-3258-4560-8AF6-D0E42DFAD6A6}.Debug|Any CPU.Build.0 = Debug|Any CPU
		{4C6541DD-3258-4560-8AF6-D0E42DFAD6A6}.Release|Any CPU.ActiveCfg = Release|Any CPU
		{4C6541DD-3258-4560-8AF6-D0E42DFAD6A6}.Release|Any CPU.Build.0 = Release|Any CPU
		{F7DC130C-190E-47E6-B73A-3847FC4FC538}.Debug|Any CPU.ActiveCfg = Debug|Any CPU
		{F7DC130C-190E-47E6-B73A-3847FC4FC538}.Debug|Any CPU.Build.0 = Debug|Any CPU
		{F7DC130C-190E-47E6-B73A-3847FC4FC538}.Release|Any CPU.ActiveCfg = Release|Any CPU
		{F7DC130C-190E-47E6-B73A-3847FC4FC538}.Release|Any CPU.Build.0 = Release|Any CPU
		{CD3010C1-3A7D-4C17-B0B2-2E503255CD09}.Debug|Any CPU.ActiveCfg = Debug|Any CPU
		{CD3010C1-3A7D-4C17-B0B2-2E503255CD09}.Debug|Any CPU.Build.0 = Debug|Any CPU
		{CD3010C1-3A7D-4C17-B0B2-2E503255CD09}.Release|Any CPU.ActiveCfg = Release|Any CPU
		{CD3010C1-3A7D-4C17-B0B2-2E503255CD09}.Release|Any CPU.Build.0 = Release|Any CPU
		{C2DE41DC-B136-454C-933A-2E2708EF84B9}.Debug|Any CPU.ActiveCfg = Debug|Any CPU
		{C2DE41DC-B136-454C-933A-2E2708EF84B9}.Debug|Any CPU.Build.0 = Debug|Any CPU
		{C2DE41DC-B136-454C-933A-2E2708EF84B9}.Release|Any CPU.ActiveCfg = Release|Any CPU
		{C2DE41DC-B136-454C-933A-2E2708EF84B9}.Release|Any CPU.Build.0 = Release|Any CPU
	EndGlobalSection
	GlobalSection(SolutionProperties) = preSolution
		HideSolutionNode = FALSE
	EndGlobalSection
	GlobalSection(ExtensibilityGlobals) = postSolution
		SolutionGuid = {D0CA09B9-31C8-41D1-AFC4-CD51C62F7B98}
	EndGlobalSection
EndGlobal
